
Microsoft Visual Studio Solution File, Format Version 12.00
# Visual Studio Version 17
VisualStudioVersion = 17.0.31903.59
MinimumVisualStudioVersion = 10.0.40219.1
Project("{FAE04EC0-301F-11D3-BF4B-00C04F79EFBC}") = "Terminator.BlazorApp", "Terminator.BlazorApp\Terminator.BlazorApp.csproj", "{9B422CBF-7412-453E-A371-30105D6532F6}"
EndProject
Project("{FAE04EC0-301F-11D3-BF4B-00C04F79EFBC}") = "Terminator.BlazorApp.Tests", "Terminator.BlazorApp.Tests\Terminator.BlazorApp.Tests.csproj", "{B3400C22-D417-4AA7-8429-8D545B520CDF}"
EndProject
Global
	GlobalSection(SolutionConfigurationPlatforms) = preSolution
		Debug|Any CPU = Debug|Any CPU
		Release|Any CPU = Release|Any CPU
	EndGlobalSection
	GlobalSection(SolutionProperties) = preSolution
		HideSolutionNode = FALSE
	EndGlobalSection
	GlobalSection(ProjectConfigurationPlatforms) = postSolution
		{9B422CBF-7412-453E-A371-30105D6532F6}.Debug|Any CPU.ActiveCfg = Debug|Any CPU
		{9B422CBF-7412-453E-A371-30105D6532F6}.Debug|Any CPU.Build.0 = Debug|Any CPU
		{9B422CBF-7412-453E-A371-30105D6532F6}.Release|Any CPU.ActiveCfg = Release|Any CPU
		{9B422CBF-7412-453E-A371-30105D6532F6}.Release|Any CPU.Build.0 = Release|Any CPU
		{B3400C22-D417-4AA7-8429-8D545B520CDF}.Debug|Any CPU.ActiveCfg = Debug|Any CPU
		{B3400C22-D417-4AA7-8429-8D545B520CDF}.Debug|Any CPU.Build.0 = Debug|Any CPU
		{B3400C22-D417-4AA7-8429-8D545B520CDF}.Release|Any CPU.ActiveCfg = Release|Any CPU
		{B3400C22-D417-4AA7-8429-8D545B520CDF}.Release|Any CPU.Build.0 = Release|Any CPU
	EndGlobalSection
EndGlobal
